// !$*UTF8*$!
{
	archiveVersion = 1;
	classes = {
	};
	objectVersion = 50;
	objects = {

/* Begin PBXBuildFile section */
		6C05A33D229AEB1D002CE7BD /* Extensions.swift in Sources */ = {isa = PBXBuildFile; fileRef = 6C05A33C229AEB1D002CE7BD /* Extensions.swift */; };
		6C05A33F229AECF9002CE7BD /* EventViewerViewController.swift in Sources */ = {isa = PBXBuildFile; fileRef = 6C05A33E229AECF9002CE7BD /* EventViewerViewController.swift */; };
		6C05A341229AF343002CE7BD /* Event.swift in Sources */ = {isa = PBXBuildFile; fileRef = 6C05A340229AF343002CE7BD /* Event.swift */; };
		6C05A344229B337C002CE7BD /* DateTimeUtils.swift in Sources */ = {isa = PBXBuildFile; fileRef = 6C05A343229B337C002CE7BD /* DateTimeUtils.swift */; };
		6C2C26C222A35BE90056FC50 /* EventEditorViewController.swift in Sources */ = {isa = PBXBuildFile; fileRef = 6C2C26C122A35BE90056FC50 /* EventEditorViewController.swift */; };
		6C3AD02B226D4C9100CA8413 /* AppDelegate.swift in Sources */ = {isa = PBXBuildFile; fileRef = 6C3AD02A226D4C9100CA8413 /* AppDelegate.swift */; };
		6C3AD02D226D4C9100CA8413 /* ViewController.swift in Sources */ = {isa = PBXBuildFile; fileRef = 6C3AD02C226D4C9100CA8413 /* ViewController.swift */; };
		6C3AD030226D4C9100CA8413 /* Main.storyboard in Resources */ = {isa = PBXBuildFile; fileRef = 6C3AD02E226D4C9100CA8413 /* Main.storyboard */; };
		6C3AD033226D4C9100CA8413 /* PeopleerClient.xcdatamodeld in Sources */ = {isa = PBXBuildFile; fileRef = 6C3AD031226D4C9100CA8413 /* PeopleerClient.xcdatamodeld */; };
		6C3AD035226D4C9200CA8413 /* Assets.xcassets in Resources */ = {isa = PBXBuildFile; fileRef = 6C3AD034226D4C9200CA8413 /* Assets.xcassets */; };
		6C3AD038226D4C9200CA8413 /* LaunchScreen.storyboard in Resources */ = {isa = PBXBuildFile; fileRef = 6C3AD036226D4C9200CA8413 /* LaunchScreen.storyboard */; };
		6C52935722866B9F00BEDE43 /* LoginManager.swift in Sources */ = {isa = PBXBuildFile; fileRef = 6C52935622866B9F00BEDE43 /* LoginManager.swift */; };
		6C5293592287BBF200BEDE43 /* SignupScreenViewController.swift in Sources */ = {isa = PBXBuildFile; fileRef = 6C5293582287BBF200BEDE43 /* SignupScreenViewController.swift */; };
		6C649A88229C88DA00A78D01 /* CoreDataManager.swift in Sources */ = {isa = PBXBuildFile; fileRef = 6C649A87229C88DA00A78D01 /* CoreDataManager.swift */; };
		6C6D1D0722723D010099BA2E /* MapViewController.swift in Sources */ = {isa = PBXBuildFile; fileRef = 6C6D1D0622723D010099BA2E /* MapViewController.swift */; };
		6C6D1D0922725B690099BA2E /* EventDataManager.swift in Sources */ = {isa = PBXBuildFile; fileRef = 6C6D1D0822725B690099BA2E /* EventDataManager.swift */; };
		6C7F9E3622779B1500325215 /* NetworkManager.swift in Sources */ = {isa = PBXBuildFile; fileRef = 6C7F9E3522779B1500325215 /* NetworkManager.swift */; };
		6C7F9E382277AD4D00325215 /* UIUtils.swift in Sources */ = {isa = PBXBuildFile; fileRef = 6C7F9E372277AD4D00325215 /* UIUtils.swift */; };
		6C8A7731228353E4006A723D /* LoginScreenViewController.swift in Sources */ = {isa = PBXBuildFile; fileRef = 6C8A7730228353E4006A723D /* LoginScreenViewController.swift */; };
		6CCE5E2D226E24B8009B76AB /* LaunchScreenController.storyboard in Resources */ = {isa = PBXBuildFile; fileRef = 6CCE5E2B226E24B8009B76AB /* LaunchScreenController.storyboard */; };
		6CCE5E2F226E24E2009B76AB /* LaunchScreenController.swift in Sources */ = {isa = PBXBuildFile; fileRef = 6CCE5E2E226E24E2009B76AB /* LaunchScreenController.swift */; };
		6CD4A6D4229DF87B0094323D /* ServerAddresses.swift in Sources */ = {isa = PBXBuildFile; fileRef = 6CD4A6D3229DF87B0094323D /* ServerAddresses.swift */; };
		6CF6155A22AC639000D0F8C0 /* MyEventsViewController.swift in Sources */ = {isa = PBXBuildFile; fileRef = 6CF6155922AC639000D0F8C0 /* MyEventsViewController.swift */; };
		6CF6155C22ADDF4E00D0F8C0 /* UserProfileViewController.swift in Sources */ = {isa = PBXBuildFile; fileRef = 6CF6155B22ADDF4E00D0F8C0 /* UserProfileViewController.swift */; };
		6CF88D7222C2F4210056B26C /* Segues.swift in Sources */ = {isa = PBXBuildFile; fileRef = 6CF88D7122C2F4210056B26C /* Segues.swift */; };
		6CFE24B422CD172E00FA273A /* UserDataManager.swift in Sources */ = {isa = PBXBuildFile; fileRef = 6CFE24B322CD172E00FA273A /* UserDataManager.swift */; };
		6CFE24B622CD230700FA273A /* User.swift in Sources */ = {isa = PBXBuildFile; fileRef = 6CFE24B522CD230700FA273A /* User.swift */; };
/* End PBXBuildFile section */

/* Begin PBXFileReference section */
		6C05A33C229AEB1D002CE7BD /* Extensions.swift */ = {isa = PBXFileReference; lastKnownFileType = sourcecode.swift; path = Extensions.swift; sourceTree = "<group>"; };
		6C05A33E229AECF9002CE7BD /* EventViewerViewController.swift */ = {isa = PBXFileReference; lastKnownFileType = sourcecode.swift; path = EventViewerViewController.swift; sourceTree = "<group>"; };
		6C05A340229AF343002CE7BD /* Event.swift */ = {isa = PBXFileReference; lastKnownFileType = sourcecode.swift; path = Event.swift; sourceTree = "<group>"; };
		6C05A343229B337C002CE7BD /* DateTimeUtils.swift */ = {isa = PBXFileReference; lastKnownFileType = sourcecode.swift; path = DateTimeUtils.swift; sourceTree = "<group>"; };
		6C2C26C122A35BE90056FC50 /* EventEditorViewController.swift */ = {isa = PBXFileReference; lastKnownFileType = sourcecode.swift; path = EventEditorViewController.swift; sourceTree = "<group>"; };
		6C3AD027226D4C9100CA8413 /* PeopleerClient.app */ = {isa = PBXFileReference; explicitFileType = wrapper.application; includeInIndex = 0; path = PeopleerClient.app; sourceTree = BUILT_PRODUCTS_DIR; };
		6C3AD02A226D4C9100CA8413 /* AppDelegate.swift */ = {isa = PBXFileReference; lastKnownFileType = sourcecode.swift; path = AppDelegate.swift; sourceTree = "<group>"; };
		6C3AD02C226D4C9100CA8413 /* ViewController.swift */ = {isa = PBXFileReference; lastKnownFileType = sourcecode.swift; path = ViewController.swift; sourceTree = "<group>"; };
		6C3AD02F226D4C9100CA8413 /* Base */ = {isa = PBXFileReference; lastKnownFileType = file.storyboard; name = Base; path = Base.lproj/Main.storyboard; sourceTree = "<group>"; };
		6C3AD032226D4C9100CA8413 /* PeopleerClient.xcdatamodel */ = {isa = PBXFileReference; lastKnownFileType = wrapper.xcdatamodel; path = PeopleerClient.xcdatamodel; sourceTree = "<group>"; };
		6C3AD034226D4C9200CA8413 /* Assets.xcassets */ = {isa = PBXFileReference; lastKnownFileType = folder.assetcatalog; path = Assets.xcassets; sourceTree = "<group>"; };
		6C3AD037226D4C9200CA8413 /* Base */ = {isa = PBXFileReference; lastKnownFileType = file.storyboard; name = Base; path = Base.lproj/LaunchScreen.storyboard; sourceTree = "<group>"; };
		6C3AD039226D4C9300CA8413 /* Info.plist */ = {isa = PBXFileReference; lastKnownFileType = text.plist.xml; path = Info.plist; sourceTree = "<group>"; };
		6C52935622866B9F00BEDE43 /* LoginManager.swift */ = {isa = PBXFileReference; lastKnownFileType = sourcecode.swift; path = LoginManager.swift; sourceTree = "<group>"; };
		6C5293582287BBF200BEDE43 /* SignupScreenViewController.swift */ = {isa = PBXFileReference; lastKnownFileType = sourcecode.swift; path = SignupScreenViewController.swift; sourceTree = "<group>"; };
		6C649A87229C88DA00A78D01 /* CoreDataManager.swift */ = {isa = PBXFileReference; lastKnownFileType = sourcecode.swift; path = CoreDataManager.swift; sourceTree = "<group>"; };
		6C6D1D0622723D010099BA2E /* MapViewController.swift */ = {isa = PBXFileReference; lastKnownFileType = sourcecode.swift; path = MapViewController.swift; sourceTree = "<group>"; };
		6C6D1D0822725B690099BA2E /* EventDataManager.swift */ = {isa = PBXFileReference; lastKnownFileType = sourcecode.swift; path = EventDataManager.swift; sourceTree = "<group>"; };
		6C7F9E3522779B1500325215 /* NetworkManager.swift */ = {isa = PBXFileReference; lastKnownFileType = sourcecode.swift; path = NetworkManager.swift; sourceTree = "<group>"; };
		6C7F9E372277AD4D00325215 /* UIUtils.swift */ = {isa = PBXFileReference; lastKnownFileType = sourcecode.swift; path = UIUtils.swift; sourceTree = "<group>"; };
		6C8A7730228353E4006A723D /* LoginScreenViewController.swift */ = {isa = PBXFileReference; lastKnownFileType = sourcecode.swift; path = LoginScreenViewController.swift; sourceTree = "<group>"; };
		6C8A7734228379C9006A723D /* PeopleerClient-Bridging-Header.h */ = {isa = PBXFileReference; lastKnownFileType = sourcecode.c.h; path = "PeopleerClient-Bridging-Header.h"; sourceTree = "<group>"; };
		6CCE5E2C226E24B8009B76AB /* Base */ = {isa = PBXFileReference; lastKnownFileType = file.storyboard; name = Base; path = PeopleerClient/Base.lproj/LaunchScreenController.storyboard; sourceTree = "<group>"; };
		6CCE5E2E226E24E2009B76AB /* LaunchScreenController.swift */ = {isa = PBXFileReference; lastKnownFileType = sourcecode.swift; path = LaunchScreenController.swift; sourceTree = "<group>"; };
		6CD4A6D3229DF87B0094323D /* ServerAddresses.swift */ = {isa = PBXFileReference; lastKnownFileType = sourcecode.swift; path = ServerAddresses.swift; sourceTree = "<group>"; };
		6CF6155922AC639000D0F8C0 /* MyEventsViewController.swift */ = {isa = PBXFileReference; lastKnownFileType = sourcecode.swift; path = MyEventsViewController.swift; sourceTree = "<group>"; };
		6CF6155B22ADDF4E00D0F8C0 /* UserProfileViewController.swift */ = {isa = PBXFileReference; lastKnownFileType = sourcecode.swift; path = UserProfileViewController.swift; sourceTree = "<group>"; };
		6CF88D7122C2F4210056B26C /* Segues.swift */ = {isa = PBXFileReference; lastKnownFileType = sourcecode.swift; path = Segues.swift; sourceTree = "<group>"; };
		6CFE24B322CD172E00FA273A /* UserDataManager.swift */ = {isa = PBXFileReference; lastKnownFileType = sourcecode.swift; path = UserDataManager.swift; sourceTree = "<group>"; };
		6CFE24B522CD230700FA273A /* User.swift */ = {isa = PBXFileReference; lastKnownFileType = sourcecode.swift; path = User.swift; sourceTree = "<group>"; };
/* End PBXFileReference section */

/* Begin PBXFrameworksBuildPhase section */
		6C3AD024226D4C9100CA8413 /* Frameworks */ = {
			isa = PBXFrameworksBuildPhase;
			buildActionMask = 2147483647;
			files = (
			);
			runOnlyForDeploymentPostprocessing = 0;
		};
/* End PBXFrameworksBuildPhase section */

/* Begin PBXGroup section */
		6C3AD01E226D4C9100CA8413 = {
			isa = PBXGroup;
			children = (
				6C3AD029226D4C9100CA8413 /* PeopleerClient */,
				6C3AD028226D4C9100CA8413 /* Products */,
			);
			sourceTree = "<group>";
		};
		6C3AD028226D4C9100CA8413 /* Products */ = {
			isa = PBXGroup;
			children = (
				6C3AD027226D4C9100CA8413 /* PeopleerClient.app */,
			);
			name = Products;
			sourceTree = "<group>";
		};
		6C3AD029226D4C9100CA8413 /* PeopleerClient */ = {
			isa = PBXGroup;
			children = (
				6C05A33C229AEB1D002CE7BD /* Extensions.swift */,
				6CF88D7122C2F4210056B26C /* Segues.swift */,
				6C3AD02A226D4C9100CA8413 /* AppDelegate.swift */,
				6C3AD02C226D4C9100CA8413 /* ViewController.swift */,
				6C6D1D0622723D010099BA2E /* MapViewController.swift */,
				6C05A33E229AECF9002CE7BD /* EventViewerViewController.swift */,
				6C2C26C122A35BE90056FC50 /* EventEditorViewController.swift */,
				6CF6155922AC639000D0F8C0 /* MyEventsViewController.swift */,
				6C8A7730228353E4006A723D /* LoginScreenViewController.swift */,
				6C5293582287BBF200BEDE43 /* SignupScreenViewController.swift */,
				6CF6155B22ADDF4E00D0F8C0 /* UserProfileViewController.swift */,
				6C3AD02E226D4C9100CA8413 /* Main.storyboard */,
				6C3AD034226D4C9200CA8413 /* Assets.xcassets */,
				6C3AD036226D4C9200CA8413 /* LaunchScreen.storyboard */,
				6CCE5E2B226E24B8009B76AB /* LaunchScreenController.storyboard */,
				6CCE5E2E226E24E2009B76AB /* LaunchScreenController.swift */,
				6C3AD039226D4C9300CA8413 /* Info.plist */,
				6C3AD031226D4C9100CA8413 /* PeopleerClient.xcdatamodeld */,
				6C05A340229AF343002CE7BD /* Event.swift */,
				6CFE24B522CD230700FA273A /* User.swift */,
				6C05A343229B337C002CE7BD /* DateTimeUtils.swift */,
				6C7F9E372277AD4D00325215 /* UIUtils.swift */,
				6C7F9E3522779B1500325215 /* NetworkManager.swift */,
				6C649A87229C88DA00A78D01 /* CoreDataManager.swift */,
				6C6D1D0822725B690099BA2E /* EventDataManager.swift */,
				6CFE24B322CD172E00FA273A /* UserDataManager.swift */,
				6C52935622866B9F00BEDE43 /* LoginManager.swift */,
				6C8A7734228379C9006A723D /* PeopleerClient-Bridging-Header.h */,
				6CD4A6D3229DF87B0094323D /* ServerAddresses.swift */,
			);
			path = PeopleerClient;
			sourceTree = "<group>";
		};
/* End PBXGroup section */

/* Begin PBXNativeTarget section */
		6C3AD026226D4C9100CA8413 /* PeopleerClient */ = {
			isa = PBXNativeTarget;
			buildConfigurationList = 6C3AD03C226D4C9300CA8413 /* Build configuration list for PBXNativeTarget "PeopleerClient" */;
			buildPhases = (
				6C3AD023226D4C9100CA8413 /* Sources */,
				6C3AD024226D4C9100CA8413 /* Frameworks */,
				6C3AD025226D4C9100CA8413 /* Resources */,
			);
			buildRules = (
			);
			dependencies = (
			);
			name = PeopleerClient;
			productName = PeopleerClient;
			productReference = 6C3AD027226D4C9100CA8413 /* PeopleerClient.app */;
			productType = "com.apple.product-type.application";
		};
/* End PBXNativeTarget section */

/* Begin PBXProject section */
		6C3AD01F226D4C9100CA8413 /* Project object */ = {
			isa = PBXProject;
			attributes = {
				LastSwiftUpdateCheck = 1010;
				LastUpgradeCheck = 1010;
				ORGANIZATIONNAME = "Albert Slepak";
				TargetAttributes = {
					6C3AD026226D4C9100CA8413 = {
						CreatedOnToolsVersion = 10.1;
						LastSwiftMigration = 1020;
					};
				};
			};
			buildConfigurationList = 6C3AD022226D4C9100CA8413 /* Build configuration list for PBXProject "PeopleerClient" */;
			compatibilityVersion = "Xcode 9.3";
			developmentRegion = en;
			hasScannedForEncodings = 0;
			knownRegions = (
				en,
				Base,
			);
			mainGroup = 6C3AD01E226D4C9100CA8413;
			productRefGroup = 6C3AD028226D4C9100CA8413 /* Products */;
			projectDirPath = "";
			projectRoot = "";
			targets = (
				6C3AD026226D4C9100CA8413 /* PeopleerClient */,
			);
		};
/* End PBXProject section */

/* Begin PBXResourcesBuildPhase section */
		6C3AD025226D4C9100CA8413 /* Resources */ = {
			isa = PBXResourcesBuildPhase;
			buildActionMask = 2147483647;
			files = (
				6C3AD038226D4C9200CA8413 /* LaunchScreen.storyboard in Resources */,
				6CCE5E2D226E24B8009B76AB /* LaunchScreenController.storyboard in Resources */,
				6C3AD035226D4C9200CA8413 /* Assets.xcassets in Resources */,
				6C3AD030226D4C9100CA8413 /* Main.storyboard in Resources */,
			);
			runOnlyForDeploymentPostprocessing = 0;
		};
/* End PBXResourcesBuildPhase section */

/* Begin PBXSourcesBuildPhase section */
		6C3AD023226D4C9100CA8413 /* Sources */ = {
			isa = PBXSourcesBuildPhase;
			buildActionMask = 2147483647;
			files = (
				6C3AD02D226D4C9100CA8413 /* ViewController.swift in Sources */,
				6CF6155C22ADDF4E00D0F8C0 /* UserProfileViewController.swift in Sources */,
				6C3AD02B226D4C9100CA8413 /* AppDelegate.swift in Sources */,
				6CCE5E2F226E24E2009B76AB /* LaunchScreenController.swift in Sources */,
				6C649A88229C88DA00A78D01 /* CoreDataManager.swift in Sources */,
				6C05A341229AF343002CE7BD /* Event.swift in Sources */,
				6C7F9E3622779B1500325215 /* NetworkManager.swift in Sources */,
				6C2C26C222A35BE90056FC50 /* EventEditorViewController.swift in Sources */,
				6C05A33F229AECF9002CE7BD /* EventViewerViewController.swift in Sources */,
				6C6D1D0722723D010099BA2E /* MapViewController.swift in Sources */,
				6CF88D7222C2F4210056B26C /* Segues.swift in Sources */,
				6C6D1D0922725B690099BA2E /* EventDataManager.swift in Sources */,
				6C52935722866B9F00BEDE43 /* LoginManager.swift in Sources */,
				6C05A33D229AEB1D002CE7BD /* Extensions.swift in Sources */,
				6CF6155A22AC639000D0F8C0 /* MyEventsViewController.swift in Sources */,
				6C5293592287BBF200BEDE43 /* SignupScreenViewController.swift in Sources */,
				6CFE24B422CD172E00FA273A /* UserDataManager.swift in Sources */,
				6C05A344229B337C002CE7BD /* DateTimeUtils.swift in Sources */,
				6C3AD033226D4C9100CA8413 /* PeopleerClient.xcdatamodeld in Sources */,
				6C8A7731228353E4006A723D /* LoginScreenViewController.swift in Sources */,
				6C7F9E382277AD4D00325215 /* UIUtils.swift in Sources */,
				6CD4A6D4229DF87B0094323D /* ServerAddresses.swift in Sources */,
				6CFE24B622CD230700FA273A /* User.swift in Sources */,
			);
			runOnlyForDeploymentPostprocessing = 0;
		};
/* End PBXSourcesBuildPhase section */

/* Begin PBXVariantGroup section */
		6C3AD02E226D4C9100CA8413 /* Main.storyboard */ = {
			isa = PBXVariantGroup;
			children = (
				6C3AD02F226D4C9100CA8413 /* Base */,
			);
			name = Main.storyboard;
			sourceTree = "<group>";
		};
		6C3AD036226D4C9200CA8413 /* LaunchScreen.storyboard */ = {
			isa = PBXVariantGroup;
			children = (
				6C3AD037226D4C9200CA8413 /* Base */,
			);
			name = LaunchScreen.storyboard;
			sourceTree = "<group>";
		};
		6CCE5E2B226E24B8009B76AB /* LaunchScreenController.storyboard */ = {
			isa = PBXVariantGroup;
			children = (
				6CCE5E2C226E24B8009B76AB /* Base */,
			);
			name = LaunchScreenController.storyboard;
			sourceTree = "<group>";
		};
/* End PBXVariantGroup section */

/* Begin XCBuildConfiguration section */
		6C3AD03A226D4C9300CA8413 /* Debug */ = {
			isa = XCBuildConfiguration;
			buildSettings = {
				ALWAYS_SEARCH_USER_PATHS = NO;
				CLANG_ANALYZER_NONNULL = YES;
				CLANG_ANALYZER_NUMBER_OBJECT_CONVERSION = YES_AGGRESSIVE;
				CLANG_CXX_LANGUAGE_STANDARD = "gnu++14";
				CLANG_CXX_LIBRARY = "libc++";
				CLANG_ENABLE_MODULES = YES;
				CLANG_ENABLE_OBJC_ARC = YES;
				CLANG_ENABLE_OBJC_WEAK = YES;
				CLANG_WARN_BLOCK_CAPTURE_AUTORELEASING = YES;
				CLANG_WARN_BOOL_CONVERSION = YES;
				CLANG_WARN_COMMA = YES;
				CLANG_WARN_CONSTANT_CONVERSION = YES;
				CLANG_WARN_DEPRECATED_OBJC_IMPLEMENTATIONS = YES;
				CLANG_WARN_DIRECT_OBJC_ISA_USAGE = YES_ERROR;
				CLANG_WARN_DOCUMENTATION_COMMENTS = YES;
				CLANG_WARN_EMPTY_BODY = YES;
				CLANG_WARN_ENUM_CONVERSION = YES;
				CLANG_WARN_INFINITE_RECURSION = YES;
				CLANG_WARN_INT_CONVERSION = YES;
				CLANG_WARN_NON_LITERAL_NULL_CONVERSION = YES;
				CLANG_WARN_OBJC_IMPLICIT_RETAIN_SELF = YES;
				CLANG_WARN_OBJC_LITERAL_CONVERSION = YES;
				CLANG_WARN_OBJC_ROOT_CLASS = YES_ERROR;
				CLANG_WARN_RANGE_LOOP_ANALYSIS = YES;
				CLANG_WARN_STRICT_PROTOTYPES = YES;
				CLANG_WARN_SUSPICIOUS_MOVE = YES;
				CLANG_WARN_UNGUARDED_AVAILABILITY = YES_AGGRESSIVE;
				CLANG_WARN_UNREACHABLE_CODE = YES;
				CLANG_WARN__DUPLICATE_METHOD_MATCH = YES;
				CODE_SIGN_IDENTITY = "iPhone Developer";
				COPY_PHASE_STRIP = NO;
				DEBUG_INFORMATION_FORMAT = dwarf;
				ENABLE_STRICT_OBJC_MSGSEND = YES;
				ENABLE_TESTABILITY = YES;
				GCC_C_LANGUAGE_STANDARD = gnu11;
				GCC_DYNAMIC_NO_PIC = NO;
				GCC_NO_COMMON_BLOCKS = YES;
				GCC_OPTIMIZATION_LEVEL = 0;
				GCC_PREPROCESSOR_DEFINITIONS = (
					"DEBUG=1",
					"$(inherited)",
				);
				GCC_WARN_64_TO_32_BIT_CONVERSION = YES;
				GCC_WARN_ABOUT_RETURN_TYPE = YES_ERROR;
				GCC_WARN_UNDECLARED_SELECTOR = YES;
				GCC_WARN_UNINITIALIZED_AUTOS = YES_AGGRESSIVE;
				GCC_WARN_UNUSED_FUNCTION = YES;
				GCC_WARN_UNUSED_VARIABLE = YES;
				IPHONEOS_DEPLOYMENT_TARGET = 12.1;
				MTL_ENABLE_DEBUG_INFO = INCLUDE_SOURCE;
				MTL_FAST_MATH = YES;
				ONLY_ACTIVE_ARCH = YES;
				SDKROOT = iphoneos;
				SWIFT_ACTIVE_COMPILATION_CONDITIONS = DEBUG;
				SWIFT_OPTIMIZATION_LEVEL = "-Onone";
			};
			name = Debug;
		};
		6C3AD03B226D4C9300CA8413 /* Release */ = {
			isa = XCBuildConfiguration;
			buildSettings = {
				ALWAYS_SEARCH_USER_PATHS = NO;
				CLANG_ANALYZER_NONNULL = YES;
				CLANG_ANALYZER_NUMBER_OBJECT_CONVERSION = YES_AGGRESSIVE;
				CLANG_CXX_LANGUAGE_STANDARD = "gnu++14";
				CLANG_CXX_LIBRARY = "libc++";
				CLANG_ENABLE_MODULES = YES;
				CLANG_ENABLE_OBJC_ARC = YES;
				CLANG_ENABLE_OBJC_WEAK = YES;
				CLANG_WARN_BLOCK_CAPTURE_AUTORELEASING = YES;
				CLANG_WARN_BOOL_CONVERSION = YES;
				CLANG_WARN_COMMA = YES;
				CLANG_WARN_CONSTANT_CONVERSION = YES;
				CLANG_WARN_DEPRECATED_OBJC_IMPLEMENTATIONS = YES;
				CLANG_WARN_DIRECT_OBJC_ISA_USAGE = YES_ERROR;
				CLANG_WARN_DOCUMENTATION_COMMENTS = YES;
				CLANG_WARN_EMPTY_BODY = YES;
				CLANG_WARN_ENUM_CONVERSION = YES;
				CLANG_WARN_INFINITE_RECURSION = YES;
				CLANG_WARN_INT_CONVERSION = YES;
				CLANG_WARN_NON_LITERAL_NULL_CONVERSION = YES;
				CLANG_WARN_OBJC_IMPLICIT_RETAIN_SELF = YES;
				CLANG_WARN_OBJC_LITERAL_CONVERSION = YES;
				CLANG_WARN_OBJC_ROOT_CLASS = YES_ERROR;
				CLANG_WARN_RANGE_LOOP_ANALYSIS = YES;
				CLANG_WARN_STRICT_PROTOTYPES = YES;
				CLANG_WARN_SUSPICIOUS_MOVE = YES;
				CLANG_WARN_UNGUARDED_AVAILABILITY = YES_AGGRESSIVE;
				CLANG_WARN_UNREACHABLE_CODE = YES;
				CLANG_WARN__DUPLICATE_METHOD_MATCH = YES;
				CODE_SIGN_IDENTITY = "iPhone Developer";
				COPY_PHASE_STRIP = NO;
				DEBUG_INFORMATION_FORMAT = "dwarf-with-dsym";
				ENABLE_NS_ASSERTIONS = NO;
				ENABLE_STRICT_OBJC_MSGSEND = YES;
				GCC_C_LANGUAGE_STANDARD = gnu11;
				GCC_NO_COMMON_BLOCKS = YES;
				GCC_WARN_64_TO_32_BIT_CONVERSION = YES;
				GCC_WARN_ABOUT_RETURN_TYPE = YES_ERROR;
				GCC_WARN_UNDECLARED_SELECTOR = YES;
				GCC_WARN_UNINITIALIZED_AUTOS = YES_AGGRESSIVE;
				GCC_WARN_UNUSED_FUNCTION = YES;
				GCC_WARN_UNUSED_VARIABLE = YES;
				IPHONEOS_DEPLOYMENT_TARGET = 12.1;
				MTL_ENABLE_DEBUG_INFO = NO;
				MTL_FAST_MATH = YES;
				SDKROOT = iphoneos;
				SWIFT_COMPILATION_MODE = wholemodule;
				SWIFT_OPTIMIZATION_LEVEL = "-O";
				VALIDATE_PRODUCT = YES;
			};
			name = Release;
		};
		6C3AD03D226D4C9300CA8413 /* Debug */ = {
			isa = XCBuildConfiguration;
			buildSettings = {
				ASSETCATALOG_COMPILER_APPICON_NAME = AppIcon;
				CLANG_ENABLE_MODULES = YES;
				CODE_SIGN_STYLE = Automatic;
				DEVELOPMENT_TEAM = CY988Z8FAZ;
				INFOPLIST_FILE = PeopleerClient/Info.plist;
				IPHONEOS_DEPLOYMENT_TARGET = 10.0;
				LD_RUNPATH_SEARCH_PATHS = (
					"$(inherited)",
					"@executable_path/Frameworks",
				);
				PRODUCT_BUNDLE_IDENTIFIER = peopleer.PeopleerClient;
				PRODUCT_NAME = "$(TARGET_NAME)";
				SWIFT_OBJC_BRIDGING_HEADER = "PeopleerClient/PeopleerClient-Bridging-Header.h";
				SWIFT_OPTIMIZATION_LEVEL = "-Onone";
				SWIFT_VERSION = 5.0;
				TARGETED_DEVICE_FAMILY = 1;
			};
			name = Debug;
		};
		6C3AD03E226D4C9300CA8413 /* Release */ = {
			isa = XCBuildConfiguration;
			buildSettings = {
				ASSETCATALOG_COMPILER_APPICON_NAME = AppIcon;
				CLANG_ENABLE_MODULES = YES;
				CODE_SIGN_STYLE = Automatic;
				DEVELOPMENT_TEAM = CY988Z8FAZ;
				INFOPLIST_FILE = PeopleerClient/Info.plist;
				IPHONEOS_DEPLOYMENT_TARGET = 10.0;
				LD_RUNPATH_SEARCH_PATHS = (
					"$(inherited)",
					"@executable_path/Frameworks",
				);
				PRODUCT_BUNDLE_IDENTIFIER = peopleer.PeopleerClient;
				PRODUCT_NAME = "$(TARGET_NAME)";
				SWIFT_OBJC_BRIDGING_HEADER = "PeopleerClient/PeopleerClient-Bridging-Header.h";
				SWIFT_VERSION = 5.0;
				TARGETED_DEVICE_FAMILY = 1;
			};
			name = Release;
		};
/* End XCBuildConfiguration section */

/* Begin XCConfigurationList section */
		6C3AD022226D4C9100CA8413 /* Build configuration list for PBXProject "PeopleerClient" */ = {
			isa = XCConfigurationList;
			buildConfigurations = (
				6C3AD03A226D4C9300CA8413 /* Debug */,
				6C3AD03B226D4C9300CA8413 /* Release */,
			);
			defaultConfigurationIsVisible = 0;
			defaultConfigurationName = Release;
		};
		6C3AD03C226D4C9300CA8413 /* Build configuration list for PBXNativeTarget "PeopleerClient" */ = {
			isa = XCConfigurationList;
			buildConfigurations = (
				6C3AD03D226D4C9300CA8413 /* Debug */,
				6C3AD03E226D4C9300CA8413 /* Release */,
			);
			defaultConfigurationIsVisible = 0;
			defaultConfigurationName = Release;
		};
/* End XCConfigurationList section */

/* Begin XCVersionGroup section */
		6C3AD031226D4C9100CA8413 /* PeopleerClient.xcdatamodeld */ = {
			isa = XCVersionGroup;
			children = (
				6C3AD032226D4C9100CA8413 /* PeopleerClient.xcdatamodel */,
			);
			currentVersion = 6C3AD032226D4C9100CA8413 /* PeopleerClient.xcdatamodel */;
			path = PeopleerClient.xcdatamodeld;
			sourceTree = "<group>";
			versionGroupType = wrapper.xcdatamodel;
		};
/* End XCVersionGroup section */
	};
	rootObject = 6C3AD01F226D4C9100CA8413 /* Project object */;
}
